
Microsoft Visual Studio Solution File, Format Version 11.00
# Visual Studio 2010
Project("{FAE04EC0-301F-11D3-BF4B-00C04F79EFBC}") = "MovieLibrary", "MovieLibrary\MovieLibrary.csproj", "{C40C0487-EA97-4191-9B0E-CD6CF5B1E5FF}"
EndProject
Project("{FAE04EC0-301F-11D3-BF4B-00C04F79EFBC}") = "MovieTest", "MovieTest\MovieTest.csproj", "{1EA2818E-86AB-4EB9-B82A-52576948293E}"
EndProject
Project("{2150E333-8FDC-42A3-9474-1A3956D46DE8}") = "Solution Items", "Solution Items", "{642965DB-738C-48C3-A6D2-B4CCD11B3338}"
	ProjectSection(SolutionItems) = preProject
		Local.testsettings = Local.testsettings
		MovieLibrary.vsmdi = MovieLibrary.vsmdi
		TraceAndTestImpact.testsettings = TraceAndTestImpact.testsettings
	EndProjectSection
EndProject
Global
	GlobalSection(TestCaseManagementSettings) = postSolution
		CategoryFile = MovieLibrary.vsmdi
	EndGlobalSection
	GlobalSection(SolutionConfigurationPlatforms) = preSolution
		Debug|Any CPU = Debug|Any CPU
		Release|Any CPU = Release|Any CPU
	EndGlobalSection
	GlobalSection(ProjectConfigurationPlatforms) = postSolution
		{C40C0487-EA97-4191-9B0E-CD6CF5B1E5FF}.Debug|Any CPU.ActiveCfg = Debug|Any CPU
		{C40C0487-EA97-4191-9B0E-CD6CF5B1E5FF}.Debug|Any CPU.Build.0 = Debug|Any CPU
		{C40C0487-EA97-4191-9B0E-CD6CF5B1E5FF}.Release|Any CPU.ActiveCfg = Release|Any CPU
		{C40C0487-EA97-4191-9B0E-CD6CF5B1E5FF}.Release|Any CPU.Build.0 = Release|Any CPU
		{1EA2818E-86AB-4EB9-B82A-52576948293E}.Debug|Any CPU.ActiveCfg = Debug|Any CPU
		{1EA2818E-86AB-4EB9-B82A-52576948293E}.Debug|Any CPU.Build.0 = Debug|Any CPU
		{1EA2818E-86AB-4EB9-B82A-52576948293E}.Release|Any CPU.ActiveCfg = Release|Any CPU
		{1EA2818E-86AB-4EB9-B82A-52576948293E}.Release|Any CPU.Build.0 = Release|Any CPU
	EndGlobalSection
	GlobalSection(SolutionProperties) = preSolution
		HideSolutionNode = FALSE
	EndGlobalSection
EndGlobal
